
Microsoft Visual Studio Solution File, Format Version 12.00
# Visual Studio Version 16
VisualStudioVersion = 16.0.29519.87
MinimumVisualStudioVersion = 10.0.40219.1
Project("{FAE04EC0-301F-11D3-BF4B-00C04F79EFBC}") = "LangrisserManager", "LangrisserManager\LangrisserManager.csproj", "{8C83A460-CB11-4C90-9F7B-94F30B73533E}"
EndProject
Global
	GlobalSection(SolutionConfigurationPlatforms) = preSolution
		Debug|Any CPU = Debug|Any CPU
		Release|Any CPU = Release|Any CPU
	EndGlobalSection
	GlobalSection(ProjectConfigurationPlatforms) = postSolution
		{8C83A460-CB11-4C90-9F7B-94F30B73533E}.Debug|Any CPU.ActiveCfg = Debug|Any CPU
		{8C83A460-CB11-4C90-9F7B-94F30B73533E}.Debug|Any CPU.Build.0 = Debug|Any CPU
		{8C83A460-CB11-4C90-9F7B-94F30B73533E}.Release|Any CPU.ActiveCfg = Release|Any CPU
		{8C83A460-CB11-4C90-9F7B-94F30B73533E}.Release|Any CPU.Build.0 = Release|Any CPU
	EndGlobalSection
	GlobalSection(SolutionProperties) = preSolution
		HideSolutionNode = FALSE
	EndGlobalSection
	GlobalSection(ExtensibilityGlobals) = postSolution
		SolutionGuid = {A85ACE61-530A-442C-91C5-19203A5DA4DD}
	EndGlobalSection
EndGlobal
